// !$*UTF8*$!
{
	archiveVersion = 1;
	classes = {
	};
	objectVersion = 48;
	objects = {

/* Begin PBXBuildFile section */
		0784AC0BB62E1B01324CE0BC /* Pods_Segment.framework in Frameworks */ = {isa = PBXBuildFile; fileRef = 4DC8AE22655C7959FE47F042 /* Pods_Segment.framework */; };
		1507EC2A1FC60BF90044E78B /* AppDelegate.swift in Sources */ = {isa = PBXBuildFile; fileRef = 1507EC291FC60BF90044E78B /* AppDelegate.swift */; };
		1507EC2C1FC60BF90044E78B /* ViewController.swift in Sources */ = {isa = PBXBuildFile; fileRef = 1507EC2B1FC60BF90044E78B /* ViewController.swift */; };
		1507EC2F1FC60BF90044E78B /* Main.storyboard in Resources */ = {isa = PBXBuildFile; fileRef = 1507EC2D1FC60BF90044E78B /* Main.storyboard */; };
		1507EC311FC60BF90044E78B /* Assets.xcassets in Resources */ = {isa = PBXBuildFile; fileRef = 1507EC301FC60BF90044E78B /* Assets.xcassets */; };
		1507EC341FC60BF90044E78B /* LaunchScreen.storyboard in Resources */ = {isa = PBXBuildFile; fileRef = 1507EC321FC60BF90044E78B /* LaunchScreen.storyboard */; };
		1507EC401FC616E10044E78B /* GoogleService-Info.plist in Resources */ = {isa = PBXBuildFile; fileRef = 1507EC3F1FC616E10044E78B /* GoogleService-Info.plist */; };
		1507EC421FC618660044E78B /* Podfile in Resources */ = {isa = PBXBuildFile; fileRef = 1507EC411FC618660044E78B /* Podfile */; };
/* End PBXBuildFile section */

/* Begin PBXFileReference section */
		1507EC261FC60BF90044E78B /* Segment.app */ = {isa = PBXFileReference; explicitFileType = wrapper.application; includeInIndex = 0; path = Segment.app; sourceTree = BUILT_PRODUCTS_DIR; };
		1507EC291FC60BF90044E78B /* AppDelegate.swift */ = {isa = PBXFileReference; lastKnownFileType = sourcecode.swift; path = AppDelegate.swift; sourceTree = "<group>"; };
		1507EC2B1FC60BF90044E78B /* ViewController.swift */ = {isa = PBXFileReference; lastKnownFileType = sourcecode.swift; path = ViewController.swift; sourceTree = "<group>"; };
		1507EC2E1FC60BF90044E78B /* Base */ = {isa = PBXFileReference; lastKnownFileType = file.storyboard; name = Base; path = Base.lproj/Main.storyboard; sourceTree = "<group>"; };
		1507EC301FC60BF90044E78B /* Assets.xcassets */ = {isa = PBXFileReference; lastKnownFileType = folder.assetcatalog; path = Assets.xcassets; sourceTree = "<group>"; };
		1507EC331FC60BF90044E78B /* Base */ = {isa = PBXFileReference; lastKnownFileType = file.storyboard; name = Base; path = Base.lproj/LaunchScreen.storyboard; sourceTree = "<group>"; };
		1507EC351FC60BF90044E78B /* Info.plist */ = {isa = PBXFileReference; lastKnownFileType = text.plist.xml; path = Info.plist; sourceTree = "<group>"; };
		1507EC3F1FC616E10044E78B /* GoogleService-Info.plist */ = {isa = PBXFileReference; fileEncoding = 4; lastKnownFileType = text.plist.xml; path = "GoogleService-Info.plist"; sourceTree = "<group>"; };
		1507EC411FC618660044E78B /* Podfile */ = {isa = PBXFileReference; fileEncoding = 4; lastKnownFileType = text; path = Podfile; sourceTree = "<group>"; };
		4DC8AE22655C7959FE47F042 /* Pods_Segment.framework */ = {isa = PBXFileReference; explicitFileType = wrapper.framework; includeInIndex = 0; path = Pods_Segment.framework; sourceTree = BUILT_PRODUCTS_DIR; };
		A666A89DCC41313C21E90D39 /* Pods-Segment.release.xcconfig */ = {isa = PBXFileReference; includeInIndex = 1; lastKnownFileType = text.xcconfig; name = "Pods-Segment.release.xcconfig"; path = "Pods/Target Support Files/Pods-Segment/Pods-Segment.release.xcconfig"; sourceTree = "<group>"; };
		B14A0F5391FC5C7FB0C22D31 /* Pods-Segment.debug.xcconfig */ = {isa = PBXFileReference; includeInIndex = 1; lastKnownFileType = text.xcconfig; name = "Pods-Segment.debug.xcconfig"; path = "Pods/Target Support Files/Pods-Segment/Pods-Segment.debug.xcconfig"; sourceTree = "<group>"; };
/* End PBXFileReference section */

/* Begin PBXFrameworksBuildPhase section */
		1507EC231FC60BF90044E78B /* Frameworks */ = {
			isa = PBXFrameworksBuildPhase;
			buildActionMask = 2147483647;
			files = (
				0784AC0BB62E1B01324CE0BC /* Pods_Segment.framework in Frameworks */,
			);
			runOnlyForDeploymentPostprocessing = 0;
		};
/* End PBXFrameworksBuildPhase section */

/* Begin PBXGroup section */
		1507EC1D1FC60BF90044E78B = {
			isa = PBXGroup;
			children = (
				1507EC411FC618660044E78B /* Podfile */,
				1507EC281FC60BF90044E78B /* Segment */,
				1507EC271FC60BF90044E78B /* Products */,
				C7245059890DABCFD0D91398 /* Pods */,
				5B049A975B88BF14929B9956 /* Frameworks */,
			);
			sourceTree = "<group>";
		};
		1507EC271FC60BF90044E78B /* Products */ = {
			isa = PBXGroup;
			children = (
				1507EC261FC60BF90044E78B /* Segment.app */,
			);
			name = Products;
			sourceTree = "<group>";
		};
		1507EC281FC60BF90044E78B /* Segment */ = {
			isa = PBXGroup;
			children = (
				1507EC3F1FC616E10044E78B /* GoogleService-Info.plist */,
				1507EC291FC60BF90044E78B /* AppDelegate.swift */,
				1507EC2B1FC60BF90044E78B /* ViewController.swift */,
				1507EC2D1FC60BF90044E78B /* Main.storyboard */,
				1507EC301FC60BF90044E78B /* Assets.xcassets */,
				1507EC321FC60BF90044E78B /* LaunchScreen.storyboard */,
				1507EC351FC60BF90044E78B /* Info.plist */,
			);
			path = Segment;
			sourceTree = "<group>";
		};
		5B049A975B88BF14929B9956 /* Frameworks */ = {
			isa = PBXGroup;
			children = (
				4DC8AE22655C7959FE47F042 /* Pods_Segment.framework */,
			);
			name = Frameworks;
			sourceTree = "<group>";
		};
		C7245059890DABCFD0D91398 /* Pods */ = {
			isa = PBXGroup;
			children = (
				B14A0F5391FC5C7FB0C22D31 /* Pods-Segment.debug.xcconfig */,
				A666A89DCC41313C21E90D39 /* Pods-Segment.release.xcconfig */,
			);
			name = Pods;
			sourceTree = "<group>";
		};
/* End PBXGroup section */

/* Begin PBXNativeTarget section */
		1507EC251FC60BF90044E78B /* Segment */ = {
			isa = PBXNativeTarget;
			buildConfigurationList = 1507EC381FC60BF90044E78B /* Build configuration list for PBXNativeTarget "Segment" */;
			buildPhases = (
				85B1FAA621FEB4043D51FCBD /* [CP] Check Pods Manifest.lock */,
				1507EC221FC60BF90044E78B /* Sources */,
				1507EC231FC60BF90044E78B /* Frameworks */,
				1507EC241FC60BF90044E78B /* Resources */,
				4618669351A5338FC3B52A10 /* [CP] Embed Pods Frameworks */,
				EA29867466F6853F865E3937 /* [CP] Copy Pods Resources */,
			);
			buildRules = (
			);
			dependencies = (
			);
			name = Segment;
			productName = Segment;
			productReference = 1507EC261FC60BF90044E78B /* Segment.app */;
			productType = "com.apple.product-type.application";
		};
/* End PBXNativeTarget section */

/* Begin PBXProject section */
		1507EC1E1FC60BF90044E78B /* Project object */ = {
			isa = PBXProject;
			attributes = {
				LastSwiftUpdateCheck = 0910;
				LastUpgradeCheck = 0910;
				ORGANIZATIONNAME = Carvana;
				TargetAttributes = {
					1507EC251FC60BF90044E78B = {
						CreatedOnToolsVersion = 9.1;
						ProvisioningStyle = Automatic;
					};
				};
			};
			buildConfigurationList = 1507EC211FC60BF90044E78B /* Build configuration list for PBXProject "Segment" */;
			compatibilityVersion = "Xcode 8.0";
			developmentRegion = en;
			hasScannedForEncodings = 0;
			knownRegions = (
				en,
				Base,
			);
			mainGroup = 1507EC1D1FC60BF90044E78B;
			productRefGroup = 1507EC271FC60BF90044E78B /* Products */;
			projectDirPath = "";
			projectRoot = "";
			targets = (
				1507EC251FC60BF90044E78B /* Segment */,
			);
		};
/* End PBXProject section */

/* Begin PBXResourcesBuildPhase section */
		1507EC241FC60BF90044E78B /* Resources */ = {
			isa = PBXResourcesBuildPhase;
			buildActionMask = 2147483647;
			files = (
				1507EC421FC618660044E78B /* Podfile in Resources */,
				1507EC341FC60BF90044E78B /* LaunchScreen.storyboard in Resources */,
				1507EC401FC616E10044E78B /* GoogleService-Info.plist in Resources */,
				1507EC311FC60BF90044E78B /* Assets.xcassets in Resources */,
				1507EC2F1FC60BF90044E78B /* Main.storyboard in Resources */,
			);
			runOnlyForDeploymentPostprocessing = 0;
		};
/* End PBXResourcesBuildPhase section */

/* Begin PBXShellScriptBuildPhase section */
		4618669351A5338FC3B52A10 /* [CP] Embed Pods Frameworks */ = {
			isa = PBXShellScriptBuildPhase;
			buildActionMask = 2147483647;
			files = (
			);
			inputPaths = (
				"${SRCROOT}/Pods/Target Support Files/Pods-Segment/Pods-Segment-frameworks.sh",
				"${BUILT_PRODUCTS_DIR}/Analytics/Analytics.framework",
				"${BUILT_PRODUCTS_DIR}/GoogleToolboxForMac/GoogleToolboxForMac.framework",
				"${BUILT_PRODUCTS_DIR}/Segment-Firebase/Segment_Firebase.framework",
				"${BUILT_PRODUCTS_DIR}/nanopb/nanopb.framework",
			);
			name = "[CP] Embed Pods Frameworks";
			outputPaths = (
				"${TARGET_BUILD_DIR}/${FRAMEWORKS_FOLDER_PATH}/Analytics.framework",
				"${TARGET_BUILD_DIR}/${FRAMEWORKS_FOLDER_PATH}/GoogleToolboxForMac.framework",
				"${TARGET_BUILD_DIR}/${FRAMEWORKS_FOLDER_PATH}/Segment_Firebase.framework",
				"${TARGET_BUILD_DIR}/${FRAMEWORKS_FOLDER_PATH}/nanopb.framework",
			);
			runOnlyForDeploymentPostprocessing = 0;
			shellPath = /bin/sh;
			shellScript = "\"${SRCROOT}/Pods/Target Support Files/Pods-Segment/Pods-Segment-frameworks.sh\"\n";
			showEnvVarsInLog = 0;
		};
		85B1FAA621FEB4043D51FCBD /* [CP] Check Pods Manifest.lock */ = {
			isa = PBXShellScriptBuildPhase;
			buildActionMask = 2147483647;
			files = (
			);
			inputPaths = (
				"${PODS_PODFILE_DIR_PATH}/Podfile.lock",
				"${PODS_ROOT}/Manifest.lock",
			);
			name = "[CP] Check Pods Manifest.lock";
			outputPaths = (
				"$(DERIVED_FILE_DIR)/Pods-Segment-checkManifestLockResult.txt",
			);
			runOnlyForDeploymentPostprocessing = 0;
			shellPath = /bin/sh;
			shellScript = "diff \"${PODS_PODFILE_DIR_PATH}/Podfile.lock\" \"${PODS_ROOT}/Manifest.lock\" > /dev/null\nif [ $? != 0 ] ; then\n    # print error to STDERR\n    echo \"error: The sandbox is not in sync with the Podfile.lock. Run 'pod install' or update your CocoaPods installation.\" >&2\n    exit 1\nfi\n# This output is used by Xcode 'outputs' to avoid re-running this script phase.\necho \"SUCCESS\" > \"${SCRIPT_OUTPUT_FILE_0}\"\n";
			showEnvVarsInLog = 0;
		};
		EA29867466F6853F865E3937 /* [CP] Copy Pods Resources */ = {
			isa = PBXShellScriptBuildPhase;
			buildActionMask = 2147483647;
			files = (
			);
			inputPaths = (
			);
			name = "[CP] Copy Pods Resources";
			outputPaths = (
			);
			runOnlyForDeploymentPostprocessing = 0;
			shellPath = /bin/sh;
			shellScript = "\"${SRCROOT}/Pods/Target Support Files/Pods-Segment/Pods-Segment-resources.sh\"\n";
			showEnvVarsInLog = 0;
		};
/* End PBXShellScriptBuildPhase section */

/* Begin PBXSourcesBuildPhase section */
		1507EC221FC60BF90044E78B /* Sources */ = {
			isa = PBXSourcesBuildPhase;
			buildActionMask = 2147483647;
			files = (
				1507EC2C1FC60BF90044E78B /* ViewController.swift in Sources */,
				1507EC2A1FC60BF90044E78B /* AppDelegate.swift in Sources */,
			);
			runOnlyForDeploymentPostprocessing = 0;
		};
/* End PBXSourcesBuildPhase section */

/* Begin PBXVariantGroup section */
		1507EC2D1FC60BF90044E78B /* Main.storyboard */ = {
			isa = PBXVariantGroup;
			children = (
				1507EC2E1FC60BF90044E78B /* Base */,
			);
			name = Main.storyboard;
			sourceTree = "<group>";
		};
		1507EC321FC60BF90044E78B /* LaunchScreen.storyboard */ = {
			isa = PBXVariantGroup;
			children = (
				1507EC331FC60BF90044E78B /* Base */,
			);
			name = LaunchScreen.storyboard;
			sourceTree = "<group>";
		};
/* End PBXVariantGroup section */

/* Begin XCBuildConfiguration section */
		1507EC361FC60BF90044E78B /* Debug */ = {
			isa = XCBuildConfiguration;
			buildSettings = {
				ALWAYS_SEARCH_USER_PATHS = NO;
				CLANG_ANALYZER_NONNULL = YES;
				CLANG_ANALYZER_NUMBER_OBJECT_CONVERSION = YES_AGGRESSIVE;
				CLANG_CXX_LANGUAGE_STANDARD = "gnu++14";
				CLANG_CXX_LIBRARY = "libc++";
				CLANG_ENABLE_MODULES = YES;
				CLANG_ENABLE_OBJC_ARC = YES;
				CLANG_WARN_BLOCK_CAPTURE_AUTORELEASING = YES;
				CLANG_WARN_BOOL_CONVERSION = YES;
				CLANG_WARN_COMMA = YES;
				CLANG_WARN_CONSTANT_CONVERSION = YES;
				CLANG_WARN_DIRECT_OBJC_ISA_USAGE = YES_ERROR;
				CLANG_WARN_DOCUMENTATION_COMMENTS = YES;
				CLANG_WARN_EMPTY_BODY = YES;
				CLANG_WARN_ENUM_CONVERSION = YES;
				CLANG_WARN_INFINITE_RECURSION = YES;
				CLANG_WARN_INT_CONVERSION = YES;
				CLANG_WARN_NON_LITERAL_NULL_CONVERSION = YES;
				CLANG_WARN_OBJC_LITERAL_CONVERSION = YES;
				CLANG_WARN_OBJC_ROOT_CLASS = YES_ERROR;
				CLANG_WARN_RANGE_LOOP_ANALYSIS = YES;
				CLANG_WARN_STRICT_PROTOTYPES = YES;
				CLANG_WARN_SUSPICIOUS_MOVE = YES;
				CLANG_WARN_UNGUARDED_AVAILABILITY = YES_AGGRESSIVE;
				CLANG_WARN_UNREACHABLE_CODE = YES;
				CLANG_WARN__DUPLICATE_METHOD_MATCH = YES;
				CODE_SIGN_IDENTITY = "iPhone Developer";
				COPY_PHASE_STRIP = NO;
				DEBUG_INFORMATION_FORMAT = dwarf;
				ENABLE_STRICT_OBJC_MSGSEND = YES;
				ENABLE_TESTABILITY = YES;
				GCC_C_LANGUAGE_STANDARD = gnu11;
				GCC_DYNAMIC_NO_PIC = NO;
				GCC_NO_COMMON_BLOCKS = YES;
				GCC_OPTIMIZATION_LEVEL = 0;
				GCC_PREPROCESSOR_DEFINITIONS = (
					"DEBUG=1",
					"$(inherited)",
				);
				GCC_WARN_64_TO_32_BIT_CONVERSION = YES;
				GCC_WARN_ABOUT_RETURN_TYPE = YES_ERROR;
				GCC_WARN_UNDECLARED_SELECTOR = YES;
				GCC_WARN_UNINITIALIZED_AUTOS = YES_AGGRESSIVE;
				GCC_WARN_UNUSED_FUNCTION = YES;
				GCC_WARN_UNUSED_VARIABLE = YES;
				IPHONEOS_DEPLOYMENT_TARGET = 11.1;
				MTL_ENABLE_DEBUG_INFO = YES;
				ONLY_ACTIVE_ARCH = YES;
				SDKROOT = iphoneos;
				SWIFT_ACTIVE_COMPILATION_CONDITIONS = DEBUG;
				SWIFT_OPTIMIZATION_LEVEL = "-Onone";
			};
			name = Debug;
		};
		1507EC371FC60BF90044E78B /* Release */ = {
			isa = XCBuildConfiguration;
			buildSettings = {
				ALWAYS_SEARCH_USER_PATHS = NO;
				CLANG_ANALYZER_NONNULL = YES;
				CLANG_ANALYZER_NUMBER_OBJECT_CONVERSION = YES_AGGRESSIVE;
				CLANG_CXX_LANGUAGE_STANDARD = "gnu++14";
				CLANG_CXX_LIBRARY = "libc++";
				CLANG_ENABLE_MODULES = YES;
				CLANG_ENABLE_OBJC_ARC = YES;
				CLANG_WARN_BLOCK_CAPTURE_AUTORELEASING = YES;
				CLANG_WARN_BOOL_CONVERSION = YES;
				CLANG_WARN_COMMA = YES;
				CLANG_WARN_CONSTANT_CONVERSION = YES;
				CLANG_WARN_DIRECT_OBJC_ISA_USAGE = YES_ERROR;
				CLANG_WARN_DOCUMENTATION_COMMENTS = YES;
				CLANG_WARN_EMPTY_BODY = YES;
				CLANG_WARN_ENUM_CONVERSION = YES;
				CLANG_WARN_INFINITE_RECURSION = YES;
				CLANG_WARN_INT_CONVERSION = YES;
				CLANG_WARN_NON_LITERAL_NULL_CONVERSION = YES;
				CLANG_WARN_OBJC_LITERAL_CONVERSION = YES;
				CLANG_WARN_OBJC_ROOT_CLASS = YES_ERROR;
				CLANG_WARN_RANGE_LOOP_ANALYSIS = YES;
				CLANG_WARN_STRICT_PROTOTYPES = YES;
				CLANG_WARN_SUSPICIOUS_MOVE = YES;
				CLANG_WARN_UNGUARDED_AVAILABILITY = YES_AGGRESSIVE;
				CLANG_WARN_UNREACHABLE_CODE = YES;
				CLANG_WARN__DUPLICATE_METHOD_MATCH = YES;
				CODE_SIGN_IDENTITY = "iPhone Developer";
				COPY_PHASE_STRIP = NO;
				DEBUG_INFORMATION_FORMAT = "dwarf-with-dsym";
				ENABLE_NS_ASSERTIONS = NO;
				ENABLE_STRICT_OBJC_MSGSEND = YES;
				GCC_C_LANGUAGE_STANDARD = gnu11;
				GCC_NO_COMMON_BLOCKS = YES;
				GCC_WARN_64_TO_32_BIT_CONVERSION = YES;
				GCC_WARN_ABOUT_RETURN_TYPE = YES_ERROR;
				GCC_WARN_UNDECLARED_SELECTOR = YES;
				GCC_WARN_UNINITIALIZED_AUTOS = YES_AGGRESSIVE;
				GCC_WARN_UNUSED_FUNCTION = YES;
				GCC_WARN_UNUSED_VARIABLE = YES;
				IPHONEOS_DEPLOYMENT_TARGET = 11.1;
				MTL_ENABLE_DEBUG_INFO = NO;
				SDKROOT = iphoneos;
				SWIFT_OPTIMIZATION_LEVEL = "-Owholemodule";
				VALIDATE_PRODUCT = YES;
			};
			name = Release;
		};
		1507EC391FC60BF90044E78B /* Debug */ = {
			isa = XCBuildConfiguration;
			baseConfigurationReference = B14A0F5391FC5C7FB0C22D31 /* Pods-Segment.debug.xcconfig */;
			buildSettings = {
				ASSETCATALOG_COMPILER_APPICON_NAME = AppIcon;
				CODE_SIGN_STYLE = Automatic;
				DEVELOPMENT_TEAM = 2Z3Z96YXAY;
				INFOPLIST_FILE = Segment/Info.plist;
				LD_RUNPATH_SEARCH_PATHS = "$(inherited) @executable_path/Frameworks";
				PRODUCT_BUNDLE_IDENTIFIER = com.carvana.Segment;
				PRODUCT_NAME = "$(TARGET_NAME)";
				SWIFT_VERSION = 4.0;
				TARGETED_DEVICE_FAMILY = "1,2";
			};
			name = Debug;
		};
		1507EC3A1FC60BF90044E78B /* Release */ = {
			isa = XCBuildConfiguration;
			baseConfigurationReference = A666A89DCC41313C21E90D39 /* Pods-Segment.release.xcconfig */;
			buildSettings = {
				ASSETCATALOG_COMPILER_APPICON_NAME = AppIcon;
				CODE_SIGN_STYLE = Automatic;
				DEVELOPMENT_TEAM = 2Z3Z96YXAY;
				INFOPLIST_FILE = Segment/Info.plist;
				LD_RUNPATH_SEARCH_PATHS = "$(inherited) @executable_path/Frameworks";
				PRODUCT_BUNDLE_IDENTIFIER = com.carvana.Segment;
				PRODUCT_NAME = "$(TARGET_NAME)";
				SWIFT_VERSION = 4.0;
				TARGETED_DEVICE_FAMILY = "1,2";
			};
			name = Release;
		};
/* End XCBuildConfiguration section */

/* Begin XCConfigurationList section */
		1507EC211FC60BF90044E78B /* Build configuration list for PBXProject "Segment" */ = {
			isa = XCConfigurationList;
			buildConfigurations = (
				1507EC361FC60BF90044E78B /* Debug */,
				1507EC371FC60BF90044E78B /* Release */,
			);
			defaultConfigurationIsVisible = 0;
			defaultConfigurationName = Release;
		};
		1507EC381FC60BF90044E78B /* Build configuration list for PBXNativeTarget "Segment" */ = {
			isa = XCConfigurationList;
			buildConfigurations = (
				1507EC391FC60BF90044E78B /* Debug */,
				1507EC3A1FC60BF90044E78B /* Release */,
			);
			defaultConfigurationIsVisible = 0;
			defaultConfigurationName = Release;
		};
/* End XCConfigurationList section */
	};
	rootObject = 1507EC1E1FC60BF90044E78B /* Project object */;
}
